
Microsoft Visual Studio Solution File, Format Version 12.00
# Visual Studio Version 17
VisualStudioVersion = 17.13.35931.197 d17.13
MinimumVisualStudioVersion = 10.0.40219.1
Project("{FAE04EC0-301F-11D3-BF4B-00C04F79EFBC}") = "TestProjectMap", "TestProjectMap\TestProjectMap.csproj", "{7470B59B-EF44-44E6-B049-B4FC8D189B2E}"
EndProject
Global
	GlobalSection(SolutionConfigurationPlatforms) = preSolution
		Debug|Any CPU = Debug|Any CPU
		Release|Any CPU = Release|Any CPU
	EndGlobalSection
	GlobalSection(ProjectConfigurationPlatforms) = postSolution
		{7470B59B-EF44-44E6-B049-B4FC8D189B2E}.Debug|Any CPU.ActiveCfg = Debug|Any CPU
		{7470B59B-EF44-44E6-B049-B4FC8D189B2E}.Debug|Any CPU.Build.0 = Debug|Any CPU
		{7470B59B-EF44-44E6-B049-B4FC8D189B2E}.Release|Any CPU.ActiveCfg = Release|Any CPU
		{7470B59B-EF44-44E6-B049-B4FC8D189B2E}.Release|Any CPU.Build.0 = Release|Any CPU
	EndGlobalSection
	GlobalSection(SolutionProperties) = preSolution
		HideSolutionNode = FALSE
	EndGlobalSection
	GlobalSection(ExtensibilityGlobals) = postSolution
		SolutionGuid = {6B193509-3F42-495E-8BEF-94481B15A6A3}
	EndGlobalSection
EndGlobal
